
Microsoft Visual Studio Solution File, Format Version 12.00
# Visual Studio 15
VisualStudioVersion = 15.0.28307.271
MinimumVisualStudioVersion = 10.0.40219.1
Project("{FAE04EC0-301F-11D3-BF4B-00C04F79EFBC}") = "APIAggregator", "DictionaryAggregator\APIAggregator.csproj", "{CD65B0FC-9845-458A-ABA9-9823AA678A4B}"
EndProject
Global
	GlobalSection(SolutionConfigurationPlatforms) = preSolution
		Debug|Any CPU = Debug|Any CPU
		Release|Any CPU = Release|Any CPU
	EndGlobalSection
	GlobalSection(ProjectConfigurationPlatforms) = postSolution
		{CD65B0FC-9845-458A-ABA9-9823AA678A4B}.Debug|Any CPU.ActiveCfg = Debug|Any CPU
		{CD65B0FC-9845-458A-ABA9-9823AA678A4B}.Debug|Any CPU.Build.0 = Debug|Any CPU
		{CD65B0FC-9845-458A-ABA9-9823AA678A4B}.Release|Any CPU.ActiveCfg = Release|Any CPU
		{CD65B0FC-9845-458A-ABA9-9823AA678A4B}.Release|Any CPU.Build.0 = Release|Any CPU
	EndGlobalSection
	GlobalSection(SolutionProperties) = preSolution
		HideSolutionNode = FALSE
	EndGlobalSection
	GlobalSection(ExtensibilityGlobals) = postSolution
		SolutionGuid = {042EC29F-988A-4337-B768-448E06E71035}
	EndGlobalSection
EndGlobal
